// !$*UTF8*$!
{
	archiveVersion = 1;
	classes = {
	};
	objectVersion = 55;
	objects = {

/* Begin PBXBuildFile section */
		757D9AA128440FBD00B288F2 /* NumberGuessingApp.swift in Sources */ = {isa = PBXBuildFile; fileRef = 757D9AA028440FBD00B288F2 /* NumberGuessingApp.swift */; };
		757D9AA328440FBD00B288F2 /* ContentView.swift in Sources */ = {isa = PBXBuildFile; fileRef = 757D9AA228440FBD00B288F2 /* ContentView.swift */; };
		757D9AA528440FBE00B288F2 /* Assets.xcassets in Resources */ = {isa = PBXBuildFile; fileRef = 757D9AA428440FBE00B288F2 /* Assets.xcassets */; };
		757D9AA828440FBE00B288F2 /* Preview Assets.xcassets in Resources */ = {isa = PBXBuildFile; fileRef = 757D9AA728440FBE00B288F2 /* Preview Assets.xcassets */; };
		757D9AB228440FBE00B288F2 /* NumberGuessingTests.swift in Sources */ = {isa = PBXBuildFile; fileRef = 757D9AB128440FBE00B288F2 /* NumberGuessingTests.swift */; };
		757D9ABC28440FBE00B288F2 /* NumberGuessingUITests.swift in Sources */ = {isa = PBXBuildFile; fileRef = 757D9ABB28440FBE00B288F2 /* NumberGuessingUITests.swift */; };
		757D9ABE28440FBE00B288F2 /* NumberGuessingUITestsLaunchTests.swift in Sources */ = {isa = PBXBuildFile; fileRef = 757D9ABD28440FBE00B288F2 /* NumberGuessingUITestsLaunchTests.swift */; };
/* End PBXBuildFile section */

/* Begin PBXContainerItemProxy section */
		757D9AAE28440FBE00B288F2 /* PBXContainerItemProxy */ = {
			isa = PBXContainerItemProxy;
			containerPortal = 757D9A9528440FBD00B288F2 /* Project object */;
			proxyType = 1;
			remoteGlobalIDString = 757D9A9C28440FBD00B288F2;
			remoteInfo = NumberGuessing;
		};
		757D9AB828440FBE00B288F2 /* PBXContainerItemProxy */ = {
			isa = PBXContainerItemProxy;
			containerPortal = 757D9A9528440FBD00B288F2 /* Project object */;
			proxyType = 1;
			remoteGlobalIDString = 757D9A9C28440FBD00B288F2;
			remoteInfo = NumberGuessing;
		};
/* End PBXContainerItemProxy section */

/* Begin PBXFileReference section */
		757D9A9D28440FBD00B288F2 /* NumberGuessing.app */ = {isa = PBXFileReference; explicitFileType = wrapper.application; includeInIndex = 0; path = NumberGuessing.app; sourceTree = BUILT_PRODUCTS_DIR; };
		757D9AA028440FBD00B288F2 /* NumberGuessingApp.swift */ = {isa = PBXFileReference; lastKnownFileType = sourcecode.swift; path = NumberGuessingApp.swift; sourceTree = "<group>"; };
		757D9AA228440FBD00B288F2 /* ContentView.swift */ = {isa = PBXFileReference; lastKnownFileType = sourcecode.swift; path = ContentView.swift; sourceTree = "<group>"; };
		757D9AA428440FBE00B288F2 /* Assets.xcassets */ = {isa = PBXFileReference; lastKnownFileType = folder.assetcatalog; path = Assets.xcassets; sourceTree = "<group>"; };
		757D9AA728440FBE00B288F2 /* Preview Assets.xcassets */ = {isa = PBXFileReference; lastKnownFileType = folder.assetcatalog; path = "Preview Assets.xcassets"; sourceTree = "<group>"; };
		757D9AAD28440FBE00B288F2 /* NumberGuessingTests.xctest */ = {isa = PBXFileReference; explicitFileType = wrapper.cfbundle; includeInIndex = 0; path = NumberGuessingTests.xctest; sourceTree = BUILT_PRODUCTS_DIR; };
		757D9AB128440FBE00B288F2 /* NumberGuessingTests.swift */ = {isa = PBXFileReference; lastKnownFileType = sourcecode.swift; path = NumberGuessingTests.swift; sourceTree = "<group>"; };
		757D9AB728440FBE00B288F2 /* NumberGuessingUITests.xctest */ = {isa = PBXFileReference; explicitFileType = wrapper.cfbundle; includeInIndex = 0; path = NumberGuessingUITests.xctest; sourceTree = BUILT_PRODUCTS_DIR; };
		757D9ABB28440FBE00B288F2 /* NumberGuessingUITests.swift */ = {isa = PBXFileReference; lastKnownFileType = sourcecode.swift; path = NumberGuessingUITests.swift; sourceTree = "<group>"; };
		757D9ABD28440FBE00B288F2 /* NumberGuessingUITestsLaunchTests.swift */ = {isa = PBXFileReference; lastKnownFileType = sourcecode.swift; path = NumberGuessingUITestsLaunchTests.swift; sourceTree = "<group>"; };
/* End PBXFileReference section */

/* Begin PBXFrameworksBuildPhase section */
		757D9A9A28440FBD00B288F2 /* Frameworks */ = {
			isa = PBXFrameworksBuildPhase;
			buildActionMask = 2147483647;
			files = (
			);
			runOnlyForDeploymentPostprocessing = 0;
		};
		757D9AAA28440FBE00B288F2 /* Frameworks */ = {
			isa = PBXFrameworksBuildPhase;
			buildActionMask = 2147483647;
			files = (
			);
			runOnlyForDeploymentPostprocessing = 0;
		};
		757D9AB428440FBE00B288F2 /* Frameworks */ = {
			isa = PBXFrameworksBuildPhase;
			buildActionMask = 2147483647;
			files = (
			);
			runOnlyForDeploymentPostprocessing = 0;
		};
/* End PBXFrameworksBuildPhase section */

/* Begin PBXGroup section */
		757D9A9428440FBD00B288F2 = {
			isa = PBXGroup;
			children = (
				757D9A9F28440FBD00B288F2 /* NumberGuessing */,
				757D9AB028440FBE00B288F2 /* NumberGuessingTests */,
				757D9ABA28440FBE00B288F2 /* NumberGuessingUITests */,
				757D9A9E28440FBD00B288F2 /* Products */,
			);
			sourceTree = "<group>";
		};
		757D9A9E28440FBD00B288F2 /* Products */ = {
			isa = PBXGroup;
			children = (
				757D9A9D28440FBD00B288F2 /* NumberGuessing.app */,
				757D9AAD28440FBE00B288F2 /* NumberGuessingTests.xctest */,
				757D9AB728440FBE00B288F2 /* NumberGuessingUITests.xctest */,
			);
			name = Products;
			sourceTree = "<group>";
		};
		757D9A9F28440FBD00B288F2 /* NumberGuessing */ = {
			isa = PBXGroup;
			children = (
				757D9AA028440FBD00B288F2 /* NumberGuessingApp.swift */,
				757D9AA228440FBD00B288F2 /* ContentView.swift */,
				757D9AA428440FBE00B288F2 /* Assets.xcassets */,
				757D9AA628440FBE00B288F2 /* Preview Content */,
			);
			path = NumberGuessing;
			sourceTree = "<group>";
		};
		757D9AA628440FBE00B288F2 /* Preview Content */ = {
			isa = PBXGroup;
			children = (
				757D9AA728440FBE00B288F2 /* Preview Assets.xcassets */,
			);
			path = "Preview Content";
			sourceTree = "<group>";
		};
		757D9AB028440FBE00B288F2 /* NumberGuessingTests */ = {
			isa = PBXGroup;
			children = (
				757D9AB128440FBE00B288F2 /* NumberGuessingTests.swift */,
			);
			path = NumberGuessingTests;
			sourceTree = "<group>";
		};
		757D9ABA28440FBE00B288F2 /* NumberGuessingUITests */ = {
			isa = PBXGroup;
			children = (
				757D9ABB28440FBE00B288F2 /* NumberGuessingUITests.swift */,
				757D9ABD28440FBE00B288F2 /* NumberGuessingUITestsLaunchTests.swift */,
			);
			path = NumberGuessingUITests;
			sourceTree = "<group>";
		};
/* End PBXGroup section */

/* Begin PBXNativeTarget section */
		757D9A9C28440FBD00B288F2 /* NumberGuessing */ = {
			isa = PBXNativeTarget;
			buildConfigurationList = 757D9AC128440FBE00B288F2 /* Build configuration list for PBXNativeTarget "NumberGuessing" */;
			buildPhases = (
				757D9A9928440FBD00B288F2 /* Sources */,
				757D9A9A28440FBD00B288F2 /* Frameworks */,
				757D9A9B28440FBD00B288F2 /* Resources */,
			);
			buildRules = (
			);
			dependencies = (
			);
			name = NumberGuessing;
			productName = NumberGuessing;
			productReference = 757D9A9D28440FBD00B288F2 /* NumberGuessing.app */;
			productType = "com.apple.product-type.application";
		};
		757D9AAC28440FBE00B288F2 /* NumberGuessingTests */ = {
			isa = PBXNativeTarget;
			buildConfigurationList = 757D9AC428440FBE00B288F2 /* Build configuration list for PBXNativeTarget "NumberGuessingTests" */;
			buildPhases = (
				757D9AA928440FBE00B288F2 /* Sources */,
				757D9AAA28440FBE00B288F2 /* Frameworks */,
				757D9AAB28440FBE00B288F2 /* Resources */,
			);
			buildRules = (
			);
			dependencies = (
				757D9AAF28440FBE00B288F2 /* PBXTargetDependency */,
			);
			name = NumberGuessingTests;
			productName = NumberGuessingTests;
			productReference = 757D9AAD28440FBE00B288F2 /* NumberGuessingTests.xctest */;
			productType = "com.apple.product-type.bundle.unit-test";
		};
		757D9AB628440FBE00B288F2 /* NumberGuessingUITests */ = {
			isa = PBXNativeTarget;
			buildConfigurationList = 757D9AC728440FBE00B288F2 /* Build configuration list for PBXNativeTarget "NumberGuessingUITests" */;
			buildPhases = (
				757D9AB328440FBE00B288F2 /* Sources */,
				757D9AB428440FBE00B288F2 /* Frameworks */,
				757D9AB528440FBE00B288F2 /* Resources */,
			);
			buildRules = (
			);
			dependencies = (
				757D9AB928440FBE00B288F2 /* PBXTargetDependency */,
			);
			name = NumberGuessingUITests;
			productName = NumberGuessingUITests;
			productReference = 757D9AB728440FBE00B288F2 /* NumberGuessingUITests.xctest */;
			productType = "com.apple.product-type.bundle.ui-testing";
		};
/* End PBXNativeTarget section */

/* Begin PBXProject section */
		757D9A9528440FBD00B288F2 /* Project object */ = {
			isa = PBXProject;
			attributes = {
				BuildIndependentTargetsInParallel = 1;
				LastSwiftUpdateCheck = 1340;
				LastUpgradeCheck = 1340;
				TargetAttributes = {
					757D9A9C28440FBD00B288F2 = {
						CreatedOnToolsVersion = 13.4;
					};
					757D9AAC28440FBE00B288F2 = {
						CreatedOnToolsVersion = 13.4;
						TestTargetID = 757D9A9C28440FBD00B288F2;
					};
					757D9AB628440FBE00B288F2 = {
						CreatedOnToolsVersion = 13.4;
						TestTargetID = 757D9A9C28440FBD00B288F2;
					};
				};
			};
			buildConfigurationList = 757D9A9828440FBD00B288F2 /* Build configuration list for PBXProject "NumberGuessing" */;
			compatibilityVersion = "Xcode 13.0";
			developmentRegion = en;
			hasScannedForEncodings = 0;
			knownRegions = (
				en,
				Base,
			);
			mainGroup = 757D9A9428440FBD00B288F2;
			productRefGroup = 757D9A9E28440FBD00B288F2 /* Products */;
			projectDirPath = "";
			projectRoot = "";
			targets = (
				757D9A9C28440FBD00B288F2 /* NumberGuessing */,
				757D9AAC28440FBE00B288F2 /* NumberGuessingTests */,
				757D9AB628440FBE00B288F2 /* NumberGuessingUITests */,
			);
		};
/* End PBXProject section */

/* Begin PBXResourcesBuildPhase section */
		757D9A9B28440FBD00B288F2 /* Resources */ = {
			isa = PBXResourcesBuildPhase;
			buildActionMask = 2147483647;
			files = (
				757D9AA828440FBE00B288F2 /* Preview Assets.xcassets in Resources */,
				757D9AA528440FBE00B288F2 /* Assets.xcassets in Resources */,
			);
			runOnlyForDeploymentPostprocessing = 0;
		};
		757D9AAB28440FBE00B288F2 /* Resources */ = {
			isa = PBXResourcesBuildPhase;
			buildActionMask = 2147483647;
			files = (
			);
			runOnlyForDeploymentPostprocessing = 0;
		};
		757D9AB528440FBE00B288F2 /* Resources */ = {
			isa = PBXResourcesBuildPhase;
			buildActionMask = 2147483647;
			files = (
			);
			runOnlyForDeploymentPostprocessing = 0;
		};
/* End PBXResourcesBuildPhase section */

/* Begin PBXSourcesBuildPhase section */
		757D9A9928440FBD00B288F2 /* Sources */ = {
			isa = PBXSourcesBuildPhase;
			buildActionMask = 2147483647;
			files = (
				757D9AA328440FBD00B288F2 /* ContentView.swift in Sources */,
				757D9AA128440FBD00B288F2 /* NumberGuessingApp.swift in Sources */,
			);
			runOnlyForDeploymentPostprocessing = 0;
		};
		757D9AA928440FBE00B288F2 /* Sources */ = {
			isa = PBXSourcesBuildPhase;
			buildActionMask = 2147483647;
			files = (
				757D9AB228440FBE00B288F2 /* NumberGuessingTests.swift in Sources */,
			);
			runOnlyForDeploymentPostprocessing = 0;
		};
		757D9AB328440FBE00B288F2 /* Sources */ = {
			isa = PBXSourcesBuildPhase;
			buildActionMask = 2147483647;
			files = (
				757D9ABE28440FBE00B288F2 /* NumberGuessingUITestsLaunchTests.swift in Sources */,
				757D9ABC28440FBE00B288F2 /* NumberGuessingUITests.swift in Sources */,
			);
			runOnlyForDeploymentPostprocessing = 0;
		};
/* End PBXSourcesBuildPhase section */

/* Begin PBXTargetDependency section */
		757D9AAF28440FBE00B288F2 /* PBXTargetDependency */ = {
			isa = PBXTargetDependency;
			target = 757D9A9C28440FBD00B288F2 /* NumberGuessing */;
			targetProxy = 757D9AAE28440FBE00B288F2 /* PBXContainerItemProxy */;
		};
		757D9AB928440FBE00B288F2 /* PBXTargetDependency */ = {
			isa = PBXTargetDependency;
			target = 757D9A9C28440FBD00B288F2 /* NumberGuessing */;
			targetProxy = 757D9AB828440FBE00B288F2 /* PBXContainerItemProxy */;
		};
/* End PBXTargetDependency section */

/* Begin XCBuildConfiguration section */
		757D9ABF28440FBE00B288F2 /* Debug */ = {
			isa = XCBuildConfiguration;
			buildSettings = {
				ALWAYS_SEARCH_USER_PATHS = NO;
				CLANG_ANALYZER_NONNULL = YES;
				CLANG_ANALYZER_NUMBER_OBJECT_CONVERSION = YES_AGGRESSIVE;
				CLANG_CXX_LANGUAGE_STANDARD = "gnu++17";
				CLANG_ENABLE_MODULES = YES;
				CLANG_ENABLE_OBJC_ARC = YES;
				CLANG_ENABLE_OBJC_WEAK = YES;
				CLANG_WARN_BLOCK_CAPTURE_AUTORELEASING = YES;
				CLANG_WARN_BOOL_CONVERSION = YES;
				CLANG_WARN_COMMA = YES;
				CLANG_WARN_CONSTANT_CONVERSION = YES;
				CLANG_WARN_DEPRECATED_OBJC_IMPLEMENTATIONS = YES;
				CLANG_WARN_DIRECT_OBJC_ISA_USAGE = YES_ERROR;
				CLANG_WARN_DOCUMENTATION_COMMENTS = YES;
				CLANG_WARN_EMPTY_BODY = YES;
				CLANG_WARN_ENUM_CONVERSION = YES;
				CLANG_WARN_INFINITE_RECURSION = YES;
				CLANG_WARN_INT_CONVERSION = YES;
				CLANG_WARN_NON_LITERAL_NULL_CONVERSION = YES;
				CLANG_WARN_OBJC_IMPLICIT_RETAIN_SELF = YES;
				CLANG_WARN_OBJC_LITERAL_CONVERSION = YES;
				CLANG_WARN_OBJC_ROOT_CLASS = YES_ERROR;
				CLANG_WARN_QUOTED_INCLUDE_IN_FRAMEWORK_HEADER = YES;
				CLANG_WARN_RANGE_LOOP_ANALYSIS = YES;
				CLANG_WARN_STRICT_PROTOTYPES = YES;
				CLANG_WARN_SUSPICIOUS_MOVE = YES;
				CLANG_WARN_UNGUARDED_AVAILABILITY = YES_AGGRESSIVE;
				CLANG_WARN_UNREACHABLE_CODE = YES;
				CLANG_WARN__DUPLICATE_METHOD_MATCH = YES;
				COPY_PHASE_STRIP = NO;
				DEBUG_INFORMATION_FORMAT = dwarf;
				ENABLE_STRICT_OBJC_MSGSEND = YES;
				ENABLE_TESTABILITY = YES;
				GCC_C_LANGUAGE_STANDARD = gnu11;
				GCC_DYNAMIC_NO_PIC = NO;
				GCC_NO_COMMON_BLOCKS = YES;
				GCC_OPTIMIZATION_LEVEL = 0;
				GCC_PREPROCESSOR_DEFINITIONS = (
					"DEBUG=1",
					"$(inherited)",
				);
				GCC_WARN_64_TO_32_BIT_CONVERSION = YES;
				GCC_WARN_ABOUT_RETURN_TYPE = YES_ERROR;
				GCC_WARN_UNDECLARED_SELECTOR = YES;
				GCC_WARN_UNINITIALIZED_AUTOS = YES_AGGRESSIVE;
				GCC_WARN_UNUSED_FUNCTION = YES;
				GCC_WARN_UNUSED_VARIABLE = YES;
				IPHONEOS_DEPLOYMENT_TARGET = 15.5;
				MTL_ENABLE_DEBUG_INFO = INCLUDE_SOURCE;
				MTL_FAST_MATH = YES;
				ONLY_ACTIVE_ARCH = YES;
				SDKROOT = iphoneos;
				SWIFT_ACTIVE_COMPILATION_CONDITIONS = DEBUG;
				SWIFT_OPTIMIZATION_LEVEL = "-Onone";
			};
			name = Debug;
		};
		757D9AC028440FBE00B288F2 /* Release */ = {
			isa = XCBuildConfiguration;
			buildSettings = {
				ALWAYS_SEARCH_USER_PATHS = NO;
				CLANG_ANALYZER_NONNULL = YES;
				CLANG_ANALYZER_NUMBER_OBJECT_CONVERSION = YES_AGGRESSIVE;
				CLANG_CXX_LANGUAGE_STANDARD = "gnu++17";
				CLANG_ENABLE_MODULES = YES;
				CLANG_ENABLE_OBJC_ARC = YES;
				CLANG_ENABLE_OBJC_WEAK = YES;
				CLANG_WARN_BLOCK_CAPTURE_AUTORELEASING = YES;
				CLANG_WARN_BOOL_CONVERSION = YES;
				CLANG_WARN_COMMA = YES;
				CLANG_WARN_CONSTANT_CONVERSION = YES;
				CLANG_WARN_DEPRECATED_OBJC_IMPLEMENTATIONS = YES;
				CLANG_WARN_DIRECT_OBJC_ISA_USAGE = YES_ERROR;
				CLANG_WARN_DOCUMENTATION_COMMENTS = YES;
				CLANG_WARN_EMPTY_BODY = YES;
				CLANG_WARN_ENUM_CONVERSION = YES;
				CLANG_WARN_INFINITE_RECURSION = YES;
				CLANG_WARN_INT_CONVERSION = YES;
				CLANG_WARN_NON_LITERAL_NULL_CONVERSION = YES;
				CLANG_WARN_OBJC_IMPLICIT_RETAIN_SELF = YES;
				CLANG_WARN_OBJC_LITERAL_CONVERSION = YES;
				CLANG_WARN_OBJC_ROOT_CLASS = YES_ERROR;
				CLANG_WARN_QUOTED_INCLUDE_IN_FRAMEWORK_HEADER = YES;
				CLANG_WARN_RANGE_LOOP_ANALYSIS = YES;
				CLANG_WARN_STRICT_PROTOTYPES = YES;
				CLANG_WARN_SUSPICIOUS_MOVE = YES;
				CLANG_WARN_UNGUARDED_AVAILABILITY = YES_AGGRESSIVE;
				CLANG_WARN_UNREACHABLE_CODE = YES;
				CLANG_WARN__DUPLICATE_METHOD_MATCH = YES;
				COPY_PHASE_STRIP = NO;
				DEBUG_INFORMATION_FORMAT = "dwarf-with-dsym";
				ENABLE_NS_ASSERTIONS = NO;
				ENABLE_STRICT_OBJC_MSGSEND = YES;
				GCC_C_LANGUAGE_STANDARD = gnu11;
				GCC_NO_COMMON_BLOCKS = YES;
				GCC_WARN_64_TO_32_BIT_CONVERSION = YES;
				GCC_WARN_ABOUT_RETURN_TYPE = YES_ERROR;
				GCC_WARN_UNDECLARED_SELECTOR = YES;
				GCC_WARN_UNINITIALIZED_AUTOS = YES_AGGRESSIVE;
				GCC_WARN_UNUSED_FUNCTION = YES;
				GCC_WARN_UNUSED_VARIABLE = YES;
				IPHONEOS_DEPLOYMENT_TARGET = 15.5;
				MTL_ENABLE_DEBUG_INFO = NO;
				MTL_FAST_MATH = YES;
				SDKROOT = iphoneos;
				SWIFT_COMPILATION_MODE = wholemodule;
				SWIFT_OPTIMIZATION_LEVEL = "-O";
				VALIDATE_PRODUCT = YES;
			};
			name = Release;
		};
		757D9AC228440FBE00B288F2 /* Debug */ = {
			isa = XCBuildConfiguration;
			buildSettings = {
				ASSETCATALOG_COMPILER_APPICON_NAME = AppIcon;
				ASSETCATALOG_COMPILER_GLOBAL_ACCENT_COLOR_NAME = AccentColor;
				CODE_SIGN_STYLE = Automatic;
				CURRENT_PROJECT_VERSION = 1;
				DEVELOPMENT_ASSET_PATHS = "\"NumberGuessing/Preview Content\"";
				DEVELOPMENT_TEAM = 39M988G5YW;
				ENABLE_PREVIEWS = YES;
				GENERATE_INFOPLIST_FILE = YES;
				INFOPLIST_KEY_UIApplicationSceneManifest_Generation = YES;
				INFOPLIST_KEY_UIApplicationSupportsIndirectInputEvents = YES;
				INFOPLIST_KEY_UILaunchScreen_Generation = YES;
				INFOPLIST_KEY_UISupportedInterfaceOrientations_iPad = "UIInterfaceOrientationPortrait UIInterfaceOrientationPortraitUpsideDown UIInterfaceOrientationLandscapeLeft UIInterfaceOrientationLandscapeRight";
				INFOPLIST_KEY_UISupportedInterfaceOrientations_iPhone = "UIInterfaceOrientationPortrait UIInterfaceOrientationLandscapeLeft UIInterfaceOrientationLandscapeRight";
				LD_RUNPATH_SEARCH_PATHS = (
					"$(inherited)",
					"@executable_path/Frameworks",
				);
				MARKETING_VERSION = 1.0;
				PRODUCT_BUNDLE_IDENTIFIER = jonaswallmann.com.NumberGuessing;
				PRODUCT_NAME = "$(TARGET_NAME)";
				SWIFT_EMIT_LOC_STRINGS = YES;
				SWIFT_VERSION = 5.0;
				TARGETED_DEVICE_FAMILY = "1,2";
			};
			name = Debug;
		};
		757D9AC328440FBE00B288F2 /* Release */ = {
			isa = XCBuildConfiguration;
			buildSettings = {
				ASSETCATALOG_COMPILER_APPICON_NAME = AppIcon;
				ASSETCATALOG_COMPILER_GLOBAL_ACCENT_COLOR_NAME = AccentColor;
				CODE_SIGN_STYLE = Automatic;
				CURRENT_PROJECT_VERSION = 1;
				DEVELOPMENT_ASSET_PATHS = "\"NumberGuessing/Preview Content\"";
				DEVELOPMENT_TEAM = 39M988G5YW;
				ENABLE_PREVIEWS = YES;
				GENERATE_INFOPLIST_FILE = YES;
				INFOPLIST_KEY_UIApplicationSceneManifest_Generation = YES;
				INFOPLIST_KEY_UIApplicationSupportsIndirectInputEvents = YES;
				INFOPLIST_KEY_UILaunchScreen_Generation = YES;
				INFOPLIST_KEY_UISupportedInterfaceOrientations_iPad = "UIInterfaceOrientationPortrait UIInterfaceOrientationPortraitUpsideDown UIInterfaceOrientationLandscapeLeft UIInterfaceOrientationLandscapeRight";
				INFOPLIST_KEY_UISupportedInterfaceOrientations_iPhone = "UIInterfaceOrientationPortrait UIInterfaceOrientationLandscapeLeft UIInterfaceOrientationLandscapeRight";
				LD_RUNPATH_SEARCH_PATHS = (
					"$(inherited)",
					"@executable_path/Frameworks",
				);
				MARKETING_VERSION = 1.0;
				PRODUCT_BUNDLE_IDENTIFIER = jonaswallmann.com.NumberGuessing;
				PRODUCT_NAME = "$(TARGET_NAME)";
				SWIFT_EMIT_LOC_STRINGS = YES;
				SWIFT_VERSION = 5.0;
				TARGETED_DEVICE_FAMILY = "1,2";
			};
			name = Release;
		};
		757D9AC528440FBE00B288F2 /* Debug */ = {
			isa = XCBuildConfiguration;
			buildSettings = {
				ALWAYS_EMBED_SWIFT_STANDARD_LIBRARIES = YES;
				BUNDLE_LOADER = "$(TEST_HOST)";
				CODE_SIGN_STYLE = Automatic;
				CURRENT_PROJECT_VERSION = 1;
				DEVELOPMENT_TEAM = 39M988G5YW;
				GENERATE_INFOPLIST_FILE = YES;
				IPHONEOS_DEPLOYMENT_TARGET = 15.5;
				MARKETING_VERSION = 1.0;
				PRODUCT_BUNDLE_IDENTIFIER = jonaswallmann.com.NumberGuessingTests;
				PRODUCT_NAME = "$(TARGET_NAME)";
				SWIFT_EMIT_LOC_STRINGS = NO;
				SWIFT_VERSION = 5.0;
				TARGETED_DEVICE_FAMILY = "1,2";
				TEST_HOST = "$(BUILT_PRODUCTS_DIR)/NumberGuessing.app/NumberGuessing";
			};
			name = Debug;
		};
		757D9AC628440FBE00B288F2 /* Release */ = {
			isa = XCBuildConfiguration;
			buildSettings = {
				ALWAYS_EMBED_SWIFT_STANDARD_LIBRARIES = YES;
				BUNDLE_LOADER = "$(TEST_HOST)";
				CODE_SIGN_STYLE = Automatic;
				CURRENT_PROJECT_VERSION = 1;
				DEVELOPMENT_TEAM = 39M988G5YW;
				GENERATE_INFOPLIST_FILE = YES;
				IPHONEOS_DEPLOYMENT_TARGET = 15.5;
				MARKETING_VERSION = 1.0;
				PRODUCT_BUNDLE_IDENTIFIER = jonaswallmann.com.NumberGuessingTests;
				PRODUCT_NAME = "$(TARGET_NAME)";
				SWIFT_EMIT_LOC_STRINGS = NO;
				SWIFT_VERSION = 5.0;
				TARGETED_DEVICE_FAMILY = "1,2";
				TEST_HOST = "$(BUILT_PRODUCTS_DIR)/NumberGuessing.app/NumberGuessing";
			};
			name = Release;
		};
		757D9AC828440FBE00B288F2 /* Debug */ = {
			isa = XCBuildConfiguration;
			buildSettings = {
				ALWAYS_EMBED_SWIFT_STANDARD_LIBRARIES = YES;
				CODE_SIGN_STYLE = Automatic;
				CURRENT_PROJECT_VERSION = 1;
				DEVELOPMENT_TEAM = 39M988G5YW;
				GENERATE_INFOPLIST_FILE = YES;
				MARKETING_VERSION = 1.0;
				PRODUCT_BUNDLE_IDENTIFIER = jonaswallmann.com.NumberGuessingUITests;
				PRODUCT_NAME = "$(TARGET_NAME)";
				SWIFT_EMIT_LOC_STRINGS = NO;
				SWIFT_VERSION = 5.0;
				TARGETED_DEVICE_FAMILY = "1,2";
				TEST_TARGET_NAME = NumberGuessing;
			};
			name = Debug;
		};
		757D9AC928440FBE00B288F2 /* Release */ = {
			isa = XCBuildConfiguration;
			buildSettings = {
				ALWAYS_EMBED_SWIFT_STANDARD_LIBRARIES = YES;
				CODE_SIGN_STYLE = Automatic;
				CURRENT_PROJECT_VERSION = 1;
				DEVELOPMENT_TEAM = 39M988G5YW;
				GENERATE_INFOPLIST_FILE = YES;
				MARKETING_VERSION = 1.0;
				PRODUCT_BUNDLE_IDENTIFIER = jonaswallmann.com.NumberGuessingUITests;
				PRODUCT_NAME = "$(TARGET_NAME)";
				SWIFT_EMIT_LOC_STRINGS = NO;
				SWIFT_VERSION = 5.0;
				TARGETED_DEVICE_FAMILY = "1,2";
				TEST_TARGET_NAME = NumberGuessing;
			};
			name = Release;
		};
/* End XCBuildConfiguration section */

/* Begin XCConfigurationList section */
		757D9A9828440FBD00B288F2 /* Build configuration list for PBXProject "NumberGuessing" */ = {
			isa = XCConfigurationList;
			buildConfigurations = (
				757D9ABF28440FBE00B288F2 /* Debug */,
				757D9AC028440FBE00B288F2 /* Release */,
			);
			defaultConfigurationIsVisible = 0;
			defaultConfigurationName = Release;
		};
		757D9AC128440FBE00B288F2 /* Build configuration list for PBXNativeTarget "NumberGuessing" */ = {
			isa = XCConfigurationList;
			buildConfigurations = (
				757D9AC228440FBE00B288F2 /* Debug */,
				757D9AC328440FBE00B288F2 /* Release */,
			);
			defaultConfigurationIsVisible = 0;
			defaultConfigurationName = Release;
		};
		757D9AC428440FBE00B288F2 /* Build configuration list for PBXNativeTarget "NumberGuessingTests" */ = {
			isa = XCConfigurationList;
			buildConfigurations = (
				757D9AC528440FBE00B288F2 /* Debug */,
				757D9AC628440FBE00B288F2 /* Release */,
			);
			defaultConfigurationIsVisible = 0;
			defaultConfigurationName = Release;
		};
		757D9AC728440FBE00B288F2 /* Build configuration list for PBXNativeTarget "NumberGuessingUITests" */ = {
			isa = XCConfigurationList;
			buildConfigurations = (
				757D9AC828440FBE00B288F2 /* Debug */,
				757D9AC928440FBE00B288F2 /* Release */,
			);
			defaultConfigurationIsVisible = 0;
			defaultConfigurationName = Release;
		};
/* End XCConfigurationList section */
	};
	rootObject = 757D9A9528440FBD00B288F2 /* Project object */;
}
